<?xml version="1.0" encoding="utf-8"?>
<Project ToolsVersion="4.0" xmlns="http://schemas.microsoft.com/developer/msbuild/2003">
  <ItemGroup>
    <Filter Include="Collision">
      <UniqueIdentifier>{98507207-cc21-4754-9214-45fcbc7b3912}</UniqueIdentifier>
    </Filter>
    <Filter Include="Figure">
      <UniqueIdentifier>{1d47976d-d8af-43cf-9307-e47160eade26}</UniqueIdentifier>
    </Filter>
    <Filter Include="Input">
      <UniqueIdentifier>{44cfa34b-f672-4417-a702-63aad625ff02}</UniqueIdentifier>
    </Filter>
    <Filter Include="Move">
      <UniqueIdentifier>{4a61f8f1-ca9d-4b1e-8608-25b613f06eaa}</UniqueIdentifier>
    </Filter>
    <Filter Include="MyDxSound">
      <UniqueIdentifier>{9722dcf0-228c-498d-9c78-cc49499466a9}</UniqueIdentifier>
    </Filter>
    <Filter Include="Easing">
      <UniqueIdentifier>{7327e72f-6a23-4d5b-8733-508a4ff221a0}</UniqueIdentifier>
    </Filter>
  </ItemGroup>
  <ItemGroup>
    <ClCompile Include="Collision\Collision.cpp">
      <Filter>Collision</Filter>
    </ClCompile>
    <ClCompile Include="Figure\Figure.cpp">
      <Filter>Figure</Filter>
    </ClCompile>
    <ClCompile Include="Input\Input.cpp">
      <Filter>Input</Filter>
    </ClCompile>
    <ClCompile Include="Move\Move.cpp">
      <Filter>Move</Filter>
    </ClCompile>
    <ClCompile Include="MyDxSound\My_DxSound.cpp">
      <Filter>MyDxSound</Filter>
    </ClCompile>
    <ClCompile Include="Main.cpp" />
  </ItemGroup>
  <ItemGroup>
    <ClInclude Include="Collision\Collision.h">
      <Filter>Collision</Filter>
    </ClInclude>
    <ClInclude Include="Figure\Figure.h">
      <Filter>Figure</Filter>
    </ClInclude>
    <ClInclude Include="Input\Input.h">
      <Filter>Input</Filter>
    </ClInclude>
    <ClInclude Include="Move\Move.h">
      <Filter>Move</Filter>
    </ClInclude>
    <ClInclude Include="MyDxSound\My_DxSound.h">
      <Filter>MyDxSound</Filter>
    </ClInclude>
    <ClInclude Include="Easing\easing.hpp">
      <Filter>Easing</Filter>
    </ClInclude>
  </ItemGroup>
</Project>